
Microsoft Visual Studio Solution File, Format Version 12.00
# Visual Studio Version 16
VisualStudioVersion = 16.0.31402.337
MinimumVisualStudioVersion = 10.0.40219.1
Project("{FAE04EC0-301F-11D3-BF4B-00C04F79EFBC}") = "AuthentificationUI", "AuthentificationUI\AuthentificationUI.csproj", "{76F10F38-C8F9-402E-9C9F-6E2A3CB84252}"
EndProject
Global
	GlobalSection(SolutionConfigurationPlatforms) = preSolution
		Debug|Any CPU = Debug|Any CPU
		Release|Any CPU = Release|Any CPU
	EndGlobalSection
	GlobalSection(ProjectConfigurationPlatforms) = postSolution
		{76F10F38-C8F9-402E-9C9F-6E2A3CB84252}.Debug|Any CPU.ActiveCfg = Debug|Any CPU
		{76F10F38-C8F9-402E-9C9F-6E2A3CB84252}.Debug|Any CPU.Build.0 = Debug|Any CPU
		{76F10F38-C8F9-402E-9C9F-6E2A3CB84252}.Release|Any CPU.ActiveCfg = Release|Any CPU
		{76F10F38-C8F9-402E-9C9F-6E2A3CB84252}.Release|Any CPU.Build.0 = Release|Any CPU
	EndGlobalSection
	GlobalSection(SolutionProperties) = preSolution
		HideSolutionNode = FALSE
	EndGlobalSection
	GlobalSection(ExtensibilityGlobals) = postSolution
		SolutionGuid = {85B590E6-3FF9-4CCA-B0FC-55267083FFB0}
	EndGlobalSection
EndGlobal
